// !$*UTF8*$!
{
	archiveVersion = 1;
	classes = {
	};
	objectVersion = 56;
	objects = {

/* Begin PBXBuildFile section */
		885493692965E92F00B14B73 /* HomeViewModel.swift in Sources */ = {isa = PBXBuildFile; fileRef = 885493682965E92F00B14B73 /* HomeViewModel.swift */; };
		8854936D2965EC2B00B14B73 /* Moya in Frameworks */ = {isa = PBXBuildFile; productRef = 8854936C2965EC2B00B14B73 /* Moya */; };
		885493702965EC3200B14B73 /* WeatherAPI.swift in Sources */ = {isa = PBXBuildFile; fileRef = 8854936E2965EC3200B14B73 /* WeatherAPI.swift */; };
		885493732965EC7C00B14B73 /* WeatherAPIService.swift in Sources */ = {isa = PBXBuildFile; fileRef = 885493722965EC7C00B14B73 /* WeatherAPIService.swift */; };
		885493762965FAEF00B14B73 /* TodoGridItemView.swift in Sources */ = {isa = PBXBuildFile; fileRef = 885493752965FAEF00B14B73 /* TodoGridItemView.swift */; };
		88549378296608EC00B14B73 /* Extension+Color.swift in Sources */ = {isa = PBXBuildFile; fileRef = 88549377296608EC00B14B73 /* Extension+Color.swift */; };
		88748AF4296775A2008F7CD5 /* Item.xcdatamodeld in Sources */ = {isa = PBXBuildFile; fileRef = 88748AF2296775A2008F7CD5 /* Item.xcdatamodeld */; };
		88748AF6296775C7008F7CD5 /* Persistence.swift in Sources */ = {isa = PBXBuildFile; fileRef = 88748AF5296775C7008F7CD5 /* Persistence.swift */; };
		8877D9182966113A00B29F1D /* APIKey.swift in Sources */ = {isa = PBXBuildFile; fileRef = 8877D9172966113A00B29F1D /* APIKey.swift */; };
		8878A45029617414005F7E15 /* Constant.swift in Sources */ = {isa = PBXBuildFile; fileRef = 8878A44F29617414005F7E15 /* Constant.swift */; };
		8878A4522961789B005F7E15 /* WeatherView.swift in Sources */ = {isa = PBXBuildFile; fileRef = 8878A4512961789B005F7E15 /* WeatherView.swift */; };
		8878A45629618103005F7E15 /* DayView.swift in Sources */ = {isa = PBXBuildFile; fileRef = 8878A45529618103005F7E15 /* DayView.swift */; };
		8878A45829618255005F7E15 /* CoverView.swift in Sources */ = {isa = PBXBuildFile; fileRef = 8878A45729618255005F7E15 /* CoverView.swift */; };
		8878A45B29618986005F7E15 /* TodoDetailView.swift in Sources */ = {isa = PBXBuildFile; fileRef = 8878A45A29618986005F7E15 /* TodoDetailView.swift */; };
		88A291EB2E4B1D47001DD06E /* Test.swift in Sources */ = {isa = PBXBuildFile; fileRef = 88A291EA2E4B1D47001DD06E /* Test.swift */; };
		88C93BFD296BD00600366D87 /* WidgetKit.framework in Frameworks */ = {isa = PBXBuildFile; fileRef = 88C93BFC296BD00600366D87 /* WidgetKit.framework */; };
		88C93BFF296BD00600366D87 /* SwiftUI.framework in Frameworks */ = {isa = PBXBuildFile; fileRef = 88C93BFE296BD00600366D87 /* SwiftUI.framework */; };
		88C93C02296BD00600366D87 /* TodoWidgetBundle.swift in Sources */ = {isa = PBXBuildFile; fileRef = 88C93C01296BD00600366D87 /* TodoWidgetBundle.swift */; };
		88C93C04296BD00600366D87 /* TodoWidgetLiveActivity.swift in Sources */ = {isa = PBXBuildFile; fileRef = 88C93C03296BD00600366D87 /* TodoWidgetLiveActivity.swift */; };
		88C93C06296BD00600366D87 /* TodoWidget.swift in Sources */ = {isa = PBXBuildFile; fileRef = 88C93C05296BD00600366D87 /* TodoWidget.swift */; };
		88C93C09296BD00700366D87 /* Assets.xcassets in Resources */ = {isa = PBXBuildFile; fileRef = 88C93C08296BD00700366D87 /* Assets.xcassets */; };
		88C93C0B296BD00700366D87 /* TodoWidget.intentdefinition in Sources */ = {isa = PBXBuildFile; fileRef = 88C93C07296BD00600366D87 /* TodoWidget.intentdefinition */; };
		88C93C0C296BD00700366D87 /* TodoWidget.intentdefinition in Sources */ = {isa = PBXBuildFile; fileRef = 88C93C07296BD00600366D87 /* TodoWidget.intentdefinition */; };
		88C93C0F296BD00700366D87 /* TodoWidgetExtension.appex in Embed Foundation Extensions */ = {isa = PBXBuildFile; fileRef = 88C93BFA296BD00600366D87 /* TodoWidgetExtension.appex */; settings = {ATTRIBUTES = (RemoveHeadersOnCopy, ); }; };
		88C93C14296BD12700366D87 /* Item.xcdatamodeld in Sources */ = {isa = PBXBuildFile; fileRef = 88748AF2296775A2008F7CD5 /* Item.xcdatamodeld */; };
		88C93C15296BD12C00366D87 /* Persistence.swift in Sources */ = {isa = PBXBuildFile; fileRef = 88748AF5296775C7008F7CD5 /* Persistence.swift */; };
		88C93C18296BD40D00366D87 /* TodoItemView.swift in Sources */ = {isa = PBXBuildFile; fileRef = 88CE22D0295F04100078A6CB /* TodoItemView.swift */; };
		88C93C19296BD43F00366D87 /* Constant.swift in Sources */ = {isa = PBXBuildFile; fileRef = 8878A44F29617414005F7E15 /* Constant.swift */; };
		88C93C1A296BD45600366D87 /* WeatherModel.swift in Sources */ = {isa = PBXBuildFile; fileRef = 88CE22DB295F67A40078A6CB /* WeatherModel.swift */; };
		88C93C1B296BD46700366D87 /* Extension+Color.swift in Sources */ = {isa = PBXBuildFile; fileRef = 88549377296608EC00B14B73 /* Extension+Color.swift */; };
		88C93C1D296BD70D00366D87 /* AppGroup.swift in Sources */ = {isa = PBXBuildFile; fileRef = 88C93C1C296BD70D00366D87 /* AppGroup.swift */; };
		88C93C1E296BD70D00366D87 /* AppGroup.swift in Sources */ = {isa = PBXBuildFile; fileRef = 88C93C1C296BD70D00366D87 /* AppGroup.swift */; };
		88C93C23296CDA0400366D87 /* CustomPersistenceContorller.swift in Sources */ = {isa = PBXBuildFile; fileRef = 88C93C22296CDA0400366D87 /* CustomPersistenceContorller.swift */; };
		88C93C24296CDA0400366D87 /* CustomPersistenceContorller.swift in Sources */ = {isa = PBXBuildFile; fileRef = 88C93C22296CDA0400366D87 /* CustomPersistenceContorller.swift */; };
		88C93C29296CFBFE00366D87 /* TodoItemWidgetView.swift in Sources */ = {isa = PBXBuildFile; fileRef = 88C93C28296CFBFE00366D87 /* TodoItemWidgetView.swift */; };
		88C93C2A296CFBFE00366D87 /* TodoItemWidgetView.swift in Sources */ = {isa = PBXBuildFile; fileRef = 88C93C28296CFBFE00366D87 /* TodoItemWidgetView.swift */; };
		88CE22B5295EFB6F0078A6CB /* DayInfoApp.swift in Sources */ = {isa = PBXBuildFile; fileRef = 88CE22B4295EFB6F0078A6CB /* DayInfoApp.swift */; };
		88CE22B7295EFB6F0078A6CB /* HomeView.swift in Sources */ = {isa = PBXBuildFile; fileRef = 88CE22B6295EFB6F0078A6CB /* HomeView.swift */; };
		88CE22B9295EFB700078A6CB /* Assets.xcassets in Resources */ = {isa = PBXBuildFile; fileRef = 88CE22B8295EFB700078A6CB /* Assets.xcassets */; };
		88CE22BC295EFB700078A6CB /* Preview Assets.xcassets in Resources */ = {isa = PBXBuildFile; fileRef = 88CE22BB295EFB700078A6CB /* Preview Assets.xcassets */; };
		88CE22D1295F04100078A6CB /* TodoItemView.swift in Sources */ = {isa = PBXBuildFile; fileRef = 88CE22D0295F04100078A6CB /* TodoItemView.swift */; };
		88CE22DA295F65DF0078A6CB /* Alamofire in Frameworks */ = {isa = PBXBuildFile; productRef = 88CE22D9295F65DF0078A6CB /* Alamofire */; };
		88CE22DC295F67A40078A6CB /* WeatherModel.swift in Sources */ = {isa = PBXBuildFile; fileRef = 88CE22DB295F67A40078A6CB /* WeatherModel.swift */; };
		88DC7F2D2961AB6400401BB9 /* ColorGridView.swift in Sources */ = {isa = PBXBuildFile; fileRef = 88DC7F2C2961AB6400401BB9 /* ColorGridView.swift */; };
		88F0193229689BBE006A5826 /* AddTodoView.swift in Sources */ = {isa = PBXBuildFile; fileRef = 88F0193129689BBE006A5826 /* AddTodoView.swift */; };
		88F019352968B084006A5826 /* SettingView.swift in Sources */ = {isa = PBXBuildFile; fileRef = 88F019342968B084006A5826 /* SettingView.swift */; };
		88F019382969B6EB006A5826 /* SettingRowView.swift in Sources */ = {isa = PBXBuildFile; fileRef = 88F019372969B6EB006A5826 /* SettingRowView.swift */; };
		88F0193A2969B721006A5826 /* SettingLabelView.swift in Sources */ = {isa = PBXBuildFile; fileRef = 88F019392969B721006A5826 /* SettingLabelView.swift */; };
		88F0193D2969BDC0006A5826 /* LocationHelper.swift in Sources */ = {isa = PBXBuildFile; fileRef = 88F0193C2969BDC0006A5826 /* LocationHelper.swift */; };
		88F01947296A05B1006A5826 /* PopupView in Frameworks */ = {isa = PBXBuildFile; productRef = 88F01946296A05B1006A5826 /* PopupView */; };
/* End PBXBuildFile section */

/* Begin PBXContainerItemProxy section */
		88C93C0D296BD00700366D87 /* PBXContainerItemProxy */ = {
			isa = PBXContainerItemProxy;
			containerPortal = 88CE22A9295EFB6F0078A6CB /* Project object */;
			proxyType = 1;
			remoteGlobalIDString = 88C93BF9296BD00600366D87;
			remoteInfo = TodoWidgetExtension;
		};
/* End PBXContainerItemProxy section */

/* Begin PBXCopyFilesBuildPhase section */
		88C93C13296BD00700366D87 /* Embed Foundation Extensions */ = {
			isa = PBXCopyFilesBuildPhase;
			buildActionMask = 2147483647;
			dstPath = "";
			dstSubfolderSpec = 13;
			files = (
				88C93C0F296BD00700366D87 /* TodoWidgetExtension.appex in Embed Foundation Extensions */,
			);
			name = "Embed Foundation Extensions";
			runOnlyForDeploymentPostprocessing = 0;
		};
/* End PBXCopyFilesBuildPhase section */

/* Begin PBXFileReference section */
		885493682965E92F00B14B73 /* HomeViewModel.swift */ = {isa = PBXFileReference; lastKnownFileType = sourcecode.swift; path = HomeViewModel.swift; sourceTree = "<group>"; };
		8854936E2965EC3200B14B73 /* WeatherAPI.swift */ = {isa = PBXFileReference; fileEncoding = 4; lastKnownFileType = sourcecode.swift; path = WeatherAPI.swift; sourceTree = "<group>"; };
		885493722965EC7C00B14B73 /* WeatherAPIService.swift */ = {isa = PBXFileReference; fileEncoding = 4; lastKnownFileType = sourcecode.swift; path = WeatherAPIService.swift; sourceTree = "<group>"; };
		885493752965FAEF00B14B73 /* TodoGridItemView.swift */ = {isa = PBXFileReference; lastKnownFileType = sourcecode.swift; path = TodoGridItemView.swift; sourceTree = "<group>"; };
		88549377296608EC00B14B73 /* Extension+Color.swift */ = {isa = PBXFileReference; lastKnownFileType = sourcecode.swift; path = "Extension+Color.swift"; sourceTree = "<group>"; };
		88748AF3296775A2008F7CD5 /* Todo.xcdatamodel */ = {isa = PBXFileReference; lastKnownFileType = wrapper.xcdatamodel; path = Todo.xcdatamodel; sourceTree = "<group>"; };
		88748AF5296775C7008F7CD5 /* Persistence.swift */ = {isa = PBXFileReference; lastKnownFileType = sourcecode.swift; path = Persistence.swift; sourceTree = "<group>"; };
		8877D9172966113A00B29F1D /* APIKey.swift */ = {isa = PBXFileReference; lastKnownFileType = sourcecode.swift; path = APIKey.swift; sourceTree = "<group>"; };
		8878A44F29617414005F7E15 /* Constant.swift */ = {isa = PBXFileReference; lastKnownFileType = sourcecode.swift; path = Constant.swift; sourceTree = "<group>"; };
		8878A4512961789B005F7E15 /* WeatherView.swift */ = {isa = PBXFileReference; lastKnownFileType = sourcecode.swift; path = WeatherView.swift; sourceTree = "<group>"; };
		8878A45529618103005F7E15 /* DayView.swift */ = {isa = PBXFileReference; lastKnownFileType = sourcecode.swift; path = DayView.swift; sourceTree = "<group>"; };
		8878A45729618255005F7E15 /* CoverView.swift */ = {isa = PBXFileReference; lastKnownFileType = sourcecode.swift; path = CoverView.swift; sourceTree = "<group>"; };
		8878A45A29618986005F7E15 /* TodoDetailView.swift */ = {isa = PBXFileReference; lastKnownFileType = sourcecode.swift; path = TodoDetailView.swift; sourceTree = "<group>"; };
		88A291EA2E4B1D47001DD06E /* Test.swift */ = {isa = PBXFileReference; lastKnownFileType = sourcecode.swift; path = Test.swift; sourceTree = "<group>"; };
		88C93BFA296BD00600366D87 /* TodoWidgetExtension.appex */ = {isa = PBXFileReference; explicitFileType = "wrapper.app-extension"; includeInIndex = 0; path = TodoWidgetExtension.appex; sourceTree = BUILT_PRODUCTS_DIR; };
		88C93BFC296BD00600366D87 /* WidgetKit.framework */ = {isa = PBXFileReference; lastKnownFileType = wrapper.framework; name = WidgetKit.framework; path = System/Library/Frameworks/WidgetKit.framework; sourceTree = SDKROOT; };
		88C93BFE296BD00600366D87 /* SwiftUI.framework */ = {isa = PBXFileReference; lastKnownFileType = wrapper.framework; name = SwiftUI.framework; path = System/Library/Frameworks/SwiftUI.framework; sourceTree = SDKROOT; };
		88C93C01296BD00600366D87 /* TodoWidgetBundle.swift */ = {isa = PBXFileReference; lastKnownFileType = sourcecode.swift; path = TodoWidgetBundle.swift; sourceTree = "<group>"; };
		88C93C03296BD00600366D87 /* TodoWidgetLiveActivity.swift */ = {isa = PBXFileReference; lastKnownFileType = sourcecode.swift; path = TodoWidgetLiveActivity.swift; sourceTree = "<group>"; };
		88C93C05296BD00600366D87 /* TodoWidget.swift */ = {isa = PBXFileReference; lastKnownFileType = sourcecode.swift; path = TodoWidget.swift; sourceTree = "<group>"; };
		88C93C07296BD00600366D87 /* TodoWidget.intentdefinition */ = {isa = PBXFileReference; lastKnownFileType = file.intentdefinition; path = TodoWidget.intentdefinition; sourceTree = "<group>"; };
		88C93C08296BD00700366D87 /* Assets.xcassets */ = {isa = PBXFileReference; lastKnownFileType = folder.assetcatalog; path = Assets.xcassets; sourceTree = "<group>"; };
		88C93C0A296BD00700366D87 /* Info.plist */ = {isa = PBXFileReference; lastKnownFileType = text.plist.xml; path = Info.plist; sourceTree = "<group>"; };
		88C93C16296BD23E00366D87 /* DayInfo.entitlements */ = {isa = PBXFileReference; lastKnownFileType = text.plist.entitlements; path = DayInfo.entitlements; sourceTree = "<group>"; };
		88C93C17296BD26D00366D87 /* TodoWidgetExtension.entitlements */ = {isa = PBXFileReference; lastKnownFileType = text.plist.entitlements; path = TodoWidgetExtension.entitlements; sourceTree = "<group>"; };
		88C93C1C296BD70D00366D87 /* AppGroup.swift */ = {isa = PBXFileReference; lastKnownFileType = sourcecode.swift; path = AppGroup.swift; sourceTree = "<group>"; };
		88C93C22296CDA0400366D87 /* CustomPersistenceContorller.swift */ = {isa = PBXFileReference; lastKnownFileType = sourcecode.swift; path = CustomPersistenceContorller.swift; sourceTree = "<group>"; };
		88C93C28296CFBFE00366D87 /* TodoItemWidgetView.swift */ = {isa = PBXFileReference; lastKnownFileType = sourcecode.swift; path = TodoItemWidgetView.swift; sourceTree = "<group>"; };
		88CE22B1295EFB6F0078A6CB /* DayInfo.app */ = {isa = PBXFileReference; explicitFileType = wrapper.application; includeInIndex = 0; path = DayInfo.app; sourceTree = BUILT_PRODUCTS_DIR; };
		88CE22B4295EFB6F0078A6CB /* DayInfoApp.swift */ = {isa = PBXFileReference; lastKnownFileType = sourcecode.swift; path = DayInfoApp.swift; sourceTree = "<group>"; };
		88CE22B6295EFB6F0078A6CB /* HomeView.swift */ = {isa = PBXFileReference; lastKnownFileType = sourcecode.swift; path = HomeView.swift; sourceTree = "<group>"; };
		88CE22B8295EFB700078A6CB /* Assets.xcassets */ = {isa = PBXFileReference; lastKnownFileType = folder.assetcatalog; path = Assets.xcassets; sourceTree = "<group>"; };
		88CE22BB295EFB700078A6CB /* Preview Assets.xcassets */ = {isa = PBXFileReference; lastKnownFileType = folder.assetcatalog; path = "Preview Assets.xcassets"; sourceTree = "<group>"; };
		88CE22D0295F04100078A6CB /* TodoItemView.swift */ = {isa = PBXFileReference; lastKnownFileType = sourcecode.swift; path = TodoItemView.swift; sourceTree = "<group>"; };
		88CE22DB295F67A40078A6CB /* WeatherModel.swift */ = {isa = PBXFileReference; lastKnownFileType = sourcecode.swift; path = WeatherModel.swift; sourceTree = "<group>"; };
		88DC7F2C2961AB6400401BB9 /* ColorGridView.swift */ = {isa = PBXFileReference; lastKnownFileType = sourcecode.swift; path = ColorGridView.swift; sourceTree = "<group>"; };
		88F0193129689BBE006A5826 /* AddTodoView.swift */ = {isa = PBXFileReference; lastKnownFileType = sourcecode.swift; path = AddTodoView.swift; sourceTree = "<group>"; };
		88F019342968B084006A5826 /* SettingView.swift */ = {isa = PBXFileReference; lastKnownFileType = sourcecode.swift; path = SettingView.swift; sourceTree = "<group>"; };
		88F019372969B6EB006A5826 /* SettingRowView.swift */ = {isa = PBXFileReference; lastKnownFileType = sourcecode.swift; path = SettingRowView.swift; sourceTree = "<group>"; };
		88F019392969B721006A5826 /* SettingLabelView.swift */ = {isa = PBXFileReference; lastKnownFileType = sourcecode.swift; path = SettingLabelView.swift; sourceTree = "<group>"; };
		88F0193C2969BDC0006A5826 /* LocationHelper.swift */ = {isa = PBXFileReference; lastKnownFileType = sourcecode.swift; path = LocationHelper.swift; sourceTree = "<group>"; };
		88F0193E2969CA76006A5826 /* Info.plist */ = {isa = PBXFileReference; lastKnownFileType = text.plist; path = Info.plist; sourceTree = "<group>"; };
/* End PBXFileReference section */

/* Begin PBXFrameworksBuildPhase section */
		88C93BF7296BD00600366D87 /* Frameworks */ = {
			isa = PBXFrameworksBuildPhase;
			buildActionMask = 2147483647;
			files = (
				88C93BFF296BD00600366D87 /* SwiftUI.framework in Frameworks */,
				88C93BFD296BD00600366D87 /* WidgetKit.framework in Frameworks */,
			);
			runOnlyForDeploymentPostprocessing = 0;
		};
		88CE22AE295EFB6F0078A6CB /* Frameworks */ = {
			isa = PBXFrameworksBuildPhase;
			buildActionMask = 2147483647;
			files = (
				88F01947296A05B1006A5826 /* PopupView in Frameworks */,
				8854936D2965EC2B00B14B73 /* Moya in Frameworks */,
				88CE22DA295F65DF0078A6CB /* Alamofire in Frameworks */,
			);
			runOnlyForDeploymentPostprocessing = 0;
		};
/* End PBXFrameworksBuildPhase section */

/* Begin PBXGroup section */
		885493742965ED3C00B14B73 /* Network */ = {
			isa = PBXGroup;
			children = (
				8854936E2965EC3200B14B73 /* WeatherAPI.swift */,
				885493722965EC7C00B14B73 /* WeatherAPIService.swift */,
			);
			path = Network;
			sourceTree = "<group>";
		};
		8878A44E29616E46005F7E15 /* Utility */ = {
			isa = PBXGroup;
			children = (
				8878A44F29617414005F7E15 /* Constant.swift */,
				8877D9172966113A00B29F1D /* APIKey.swift */,
				88549377296608EC00B14B73 /* Extension+Color.swift */,
				88F0193C2969BDC0006A5826 /* LocationHelper.swift */,
				88C93C1C296BD70D00366D87 /* AppGroup.swift */,
			);
			path = Utility;
			sourceTree = "<group>";
		};
		8878A459296188C9005F7E15 /* TodoDetail */ = {
			isa = PBXGroup;
			children = (
				8878A45A29618986005F7E15 /* TodoDetailView.swift */,
				88DC7F2B2961AB0F00401BB9 /* View */,
			);
			path = TodoDetail;
			sourceTree = "<group>";
		};
		88C93BFB296BD00600366D87 /* Frameworks */ = {
			isa = PBXGroup;
			children = (
				88C93BFC296BD00600366D87 /* WidgetKit.framework */,
				88C93BFE296BD00600366D87 /* SwiftUI.framework */,
			);
			name = Frameworks;
			sourceTree = "<group>";
		};
		88C93C00296BD00600366D87 /* TodoWidget */ = {
			isa = PBXGroup;
			children = (
				88C93C01296BD00600366D87 /* TodoWidgetBundle.swift */,
				88C93C03296BD00600366D87 /* TodoWidgetLiveActivity.swift */,
				88C93C05296BD00600366D87 /* TodoWidget.swift */,
				88C93C28296CFBFE00366D87 /* TodoItemWidgetView.swift */,
				88C93C07296BD00600366D87 /* TodoWidget.intentdefinition */,
				88C93C08296BD00700366D87 /* Assets.xcassets */,
				88C93C0A296BD00700366D87 /* Info.plist */,
			);
			path = TodoWidget;
			sourceTree = "<group>";
		};
		88CE22A8295EFB6F0078A6CB = {
			isa = PBXGroup;
			children = (
				88C93C17296BD26D00366D87 /* TodoWidgetExtension.entitlements */,
				88CE22B3295EFB6F0078A6CB /* DayInfo */,
				88C93C00296BD00600366D87 /* TodoWidget */,
				88C93BFB296BD00600366D87 /* Frameworks */,
				88CE22B2295EFB6F0078A6CB /* Products */,
			);
			sourceTree = "<group>";
		};
		88CE22B2295EFB6F0078A6CB /* Products */ = {
			isa = PBXGroup;
			children = (
				88CE22B1295EFB6F0078A6CB /* DayInfo.app */,
				88C93BFA296BD00600366D87 /* TodoWidgetExtension.appex */,
			);
			name = Products;
			sourceTree = "<group>";
		};
		88CE22B3295EFB6F0078A6CB /* DayInfo */ = {
			isa = PBXGroup;
			children = (
				88C93C16296BD23E00366D87 /* DayInfo.entitlements */,
				88F0193E2969CA76006A5826 /* Info.plist */,
				885493742965ED3C00B14B73 /* Network */,
				8878A44E29616E46005F7E15 /* Utility */,
				88CE22C4295EFBA40078A6CB /* Model */,
				88CE22C2295EFB820078A6CB /* App */,
				88CE22B8295EFB700078A6CB /* Assets.xcassets */,
				88CE22BA295EFB700078A6CB /* Preview Content */,
				88A291EA2E4B1D47001DD06E /* Test.swift */,
			);
			path = DayInfo;
			sourceTree = "<group>";
		};
		88CE22BA295EFB700078A6CB /* Preview Content */ = {
			isa = PBXGroup;
			children = (
				88CE22BB295EFB700078A6CB /* Preview Assets.xcassets */,
			);
			path = "Preview Content";
			sourceTree = "<group>";
		};
		88CE22C2295EFB820078A6CB /* App */ = {
			isa = PBXGroup;
			children = (
				88CE22B4295EFB6F0078A6CB /* DayInfoApp.swift */,
				88CE22C3295EFB8C0078A6CB /* Scene */,
			);
			path = App;
			sourceTree = "<group>";
		};
		88CE22C3295EFB8C0078A6CB /* Scene */ = {
			isa = PBXGroup;
			children = (
				88CE22CC295F01A60078A6CB /* Home */,
				8878A459296188C9005F7E15 /* TodoDetail */,
				88F0193329689BC0006A5826 /* AddTodo */,
				88F019362968B087006A5826 /* Setting */,
			);
			path = Scene;
			sourceTree = "<group>";
		};
		88CE22C4295EFBA40078A6CB /* Model */ = {
			isa = PBXGroup;
			children = (
				88CE22DB295F67A40078A6CB /* WeatherModel.swift */,
				88C93C22296CDA0400366D87 /* CustomPersistenceContorller.swift */,
				88748AF5296775C7008F7CD5 /* Persistence.swift */,
				88748AF2296775A2008F7CD5 /* Item.xcdatamodeld */,
			);
			path = Model;
			sourceTree = "<group>";
		};
		88CE22CC295F01A60078A6CB /* Home */ = {
			isa = PBXGroup;
			children = (
				88CE22B6295EFB6F0078A6CB /* HomeView.swift */,
				885493682965E92F00B14B73 /* HomeViewModel.swift */,
				88CE22CF295F01C50078A6CB /* View */,
			);
			path = Home;
			sourceTree = "<group>";
		};
		88CE22CF295F01C50078A6CB /* View */ = {
			isa = PBXGroup;
			children = (
				88CE22D0295F04100078A6CB /* TodoItemView.swift */,
				8878A45729618255005F7E15 /* CoverView.swift */,
				8878A4512961789B005F7E15 /* WeatherView.swift */,
				8878A45529618103005F7E15 /* DayView.swift */,
				885493752965FAEF00B14B73 /* TodoGridItemView.swift */,
			);
			path = View;
			sourceTree = "<group>";
		};
		88DC7F2B2961AB0F00401BB9 /* View */ = {
			isa = PBXGroup;
			children = (
				88DC7F2C2961AB6400401BB9 /* ColorGridView.swift */,
			);
			path = View;
			sourceTree = "<group>";
		};
		88F0193329689BC0006A5826 /* AddTodo */ = {
			isa = PBXGroup;
			children = (
				88F0193129689BBE006A5826 /* AddTodoView.swift */,
			);
			path = AddTodo;
			sourceTree = "<group>";
		};
		88F019362968B087006A5826 /* Setting */ = {
			isa = PBXGroup;
			children = (
				88F019342968B084006A5826 /* SettingView.swift */,
				88F0193B2969B766006A5826 /* View */,
			);
			path = Setting;
			sourceTree = "<group>";
		};
		88F0193B2969B766006A5826 /* View */ = {
			isa = PBXGroup;
			children = (
				88F019372969B6EB006A5826 /* SettingRowView.swift */,
				88F019392969B721006A5826 /* SettingLabelView.swift */,
			);
			path = View;
			sourceTree = "<group>";
		};
/* End PBXGroup section */

/* Begin PBXNativeTarget section */
		88C93BF9296BD00600366D87 /* TodoWidgetExtension */ = {
			isa = PBXNativeTarget;
			buildConfigurationList = 88C93C10296BD00700366D87 /* Build configuration list for PBXNativeTarget "TodoWidgetExtension" */;
			buildPhases = (
				88C93BF6296BD00600366D87 /* Sources */,
				88C93BF7296BD00600366D87 /* Frameworks */,
				88C93BF8296BD00600366D87 /* Resources */,
			);
			buildRules = (
			);
			dependencies = (
			);
			name = TodoWidgetExtension;
			productName = TodoWidgetExtension;
			productReference = 88C93BFA296BD00600366D87 /* TodoWidgetExtension.appex */;
			productType = "com.apple.product-type.app-extension";
		};
		88CE22B0295EFB6F0078A6CB /* DayInfo */ = {
			isa = PBXNativeTarget;
			buildConfigurationList = 88CE22BF295EFB700078A6CB /* Build configuration list for PBXNativeTarget "DayInfo" */;
			buildPhases = (
				88CE22AD295EFB6F0078A6CB /* Sources */,
				88CE22AE295EFB6F0078A6CB /* Frameworks */,
				88CE22AF295EFB6F0078A6CB /* Resources */,
				88C93C13296BD00700366D87 /* Embed Foundation Extensions */,
			);
			buildRules = (
			);
			dependencies = (
				88C93C0E296BD00700366D87 /* PBXTargetDependency */,
			);
			name = DayInfo;
			packageProductDependencies = (
				88CE22D9295F65DF0078A6CB /* Alamofire */,
				8854936C2965EC2B00B14B73 /* Moya */,
				88F01946296A05B1006A5826 /* PopupView */,
			);
			productName = DayInfo;
			productReference = 88CE22B1295EFB6F0078A6CB /* DayInfo.app */;
			productType = "com.apple.product-type.application";
		};
/* End PBXNativeTarget section */

/* Begin PBXProject section */
		88CE22A9295EFB6F0078A6CB /* Project object */ = {
			isa = PBXProject;
			attributes = {
				BuildIndependentTargetsInParallel = 1;
				LastSwiftUpdateCheck = 1410;
				LastUpgradeCheck = 1410;
				TargetAttributes = {
					88C93BF9296BD00600366D87 = {
						CreatedOnToolsVersion = 14.1;
					};
					88CE22B0295EFB6F0078A6CB = {
						CreatedOnToolsVersion = 14.1;
					};
				};
			};
			buildConfigurationList = 88CE22AC295EFB6F0078A6CB /* Build configuration list for PBXProject "DayInfo" */;
			compatibilityVersion = "Xcode 14.0";
			developmentRegion = en;
			hasScannedForEncodings = 0;
			knownRegions = (
				en,
				Base,
				ko,
			);
			mainGroup = 88CE22A8295EFB6F0078A6CB;
			packageReferences = (
				88CE22D8295F65DE0078A6CB /* XCRemoteSwiftPackageReference "Alamofire" */,
				8854936B2965EC2A00B14B73 /* XCRemoteSwiftPackageReference "Moya" */,
				88F01945296A05B1006A5826 /* XCRemoteSwiftPackageReference "PopupView" */,
			);
			productRefGroup = 88CE22B2295EFB6F0078A6CB /* Products */;
			projectDirPath = "";
			projectRoot = "";
			targets = (
				88CE22B0295EFB6F0078A6CB /* DayInfo */,
				88C93BF9296BD00600366D87 /* TodoWidgetExtension */,
			);
		};
/* End PBXProject section */

/* Begin PBXResourcesBuildPhase section */
		88C93BF8296BD00600366D87 /* Resources */ = {
			isa = PBXResourcesBuildPhase;
			buildActionMask = 2147483647;
			files = (
				88C93C09296BD00700366D87 /* Assets.xcassets in Resources */,
			);
			runOnlyForDeploymentPostprocessing = 0;
		};
		88CE22AF295EFB6F0078A6CB /* Resources */ = {
			isa = PBXResourcesBuildPhase;
			buildActionMask = 2147483647;
			files = (
				88CE22BC295EFB700078A6CB /* Preview Assets.xcassets in Resources */,
				88CE22B9295EFB700078A6CB /* Assets.xcassets in Resources */,
			);
			runOnlyForDeploymentPostprocessing = 0;
		};
/* End PBXResourcesBuildPhase section */

/* Begin PBXSourcesBuildPhase section */
		88C93BF6296BD00600366D87 /* Sources */ = {
			isa = PBXSourcesBuildPhase;
			buildActionMask = 2147483647;
			files = (
				88C93C1E296BD70D00366D87 /* AppGroup.swift in Sources */,
				88C93C04296BD00600366D87 /* TodoWidgetLiveActivity.swift in Sources */,
				88C93C24296CDA0400366D87 /* CustomPersistenceContorller.swift in Sources */,
				88C93C02296BD00600366D87 /* TodoWidgetBundle.swift in Sources */,
				88C93C14296BD12700366D87 /* Item.xcdatamodeld in Sources */,
				88C93C19296BD43F00366D87 /* Constant.swift in Sources */,
				88C93C1A296BD45600366D87 /* WeatherModel.swift in Sources */,
				88C93C15296BD12C00366D87 /* Persistence.swift in Sources */,
				88C93C0B296BD00700366D87 /* TodoWidget.intentdefinition in Sources */,
				88C93C1B296BD46700366D87 /* Extension+Color.swift in Sources */,
				88C93C18296BD40D00366D87 /* TodoItemView.swift in Sources */,
				88C93C2A296CFBFE00366D87 /* TodoItemWidgetView.swift in Sources */,
				88C93C06296BD00600366D87 /* TodoWidget.swift in Sources */,
			);
			runOnlyForDeploymentPostprocessing = 0;
		};
		88CE22AD295EFB6F0078A6CB /* Sources */ = {
			isa = PBXSourcesBuildPhase;
			buildActionMask = 2147483647;
			files = (
				885493692965E92F00B14B73 /* HomeViewModel.swift in Sources */,
				88F019352968B084006A5826 /* SettingView.swift in Sources */,
				88F019382969B6EB006A5826 /* SettingRowView.swift in Sources */,
				8877D9182966113A00B29F1D /* APIKey.swift in Sources */,
				885493732965EC7C00B14B73 /* WeatherAPIService.swift in Sources */,
				88748AF6296775C7008F7CD5 /* Persistence.swift in Sources */,
				88CE22B7295EFB6F0078A6CB /* HomeView.swift in Sources */,
				88C93C29296CFBFE00366D87 /* TodoItemWidgetView.swift in Sources */,
				88F0193D2969BDC0006A5826 /* LocationHelper.swift in Sources */,
				88DC7F2D2961AB6400401BB9 /* ColorGridView.swift in Sources */,
				8878A45629618103005F7E15 /* DayView.swift in Sources */,
				8878A4522961789B005F7E15 /* WeatherView.swift in Sources */,
				88F0193A2969B721006A5826 /* SettingLabelView.swift in Sources */,
				88549378296608EC00B14B73 /* Extension+Color.swift in Sources */,
				8878A45829618255005F7E15 /* CoverView.swift in Sources */,
				88C93C23296CDA0400366D87 /* CustomPersistenceContorller.swift in Sources */,
				88748AF4296775A2008F7CD5 /* Item.xcdatamodeld in Sources */,
				88A291EB2E4B1D47001DD06E /* Test.swift in Sources */,
				88C93C1D296BD70D00366D87 /* AppGroup.swift in Sources */,
				885493762965FAEF00B14B73 /* TodoGridItemView.swift in Sources */,
				885493702965EC3200B14B73 /* WeatherAPI.swift in Sources */,
				88CE22D1295F04100078A6CB /* TodoItemView.swift in Sources */,
				88CE22B5295EFB6F0078A6CB /* DayInfoApp.swift in Sources */,
				8878A45B29618986005F7E15 /* TodoDetailView.swift in Sources */,
				88F0193229689BBE006A5826 /* AddTodoView.swift in Sources */,
				88CE22DC295F67A40078A6CB /* WeatherModel.swift in Sources */,
				88C93C0C296BD00700366D87 /* TodoWidget.intentdefinition in Sources */,
				8878A45029617414005F7E15 /* Constant.swift in Sources */,
			);
			runOnlyForDeploymentPostprocessing = 0;
		};
/* End PBXSourcesBuildPhase section */

/* Begin PBXTargetDependency section */
		88C93C0E296BD00700366D87 /* PBXTargetDependency */ = {
			isa = PBXTargetDependency;
			target = 88C93BF9296BD00600366D87 /* TodoWidgetExtension */;
			targetProxy = 88C93C0D296BD00700366D87 /* PBXContainerItemProxy */;
		};
/* End PBXTargetDependency section */

/* Begin XCBuildConfiguration section */
		88C93C11296BD00700366D87 /* Debug */ = {
			isa = XCBuildConfiguration;
			buildSettings = {
				ASSETCATALOG_COMPILER_GLOBAL_ACCENT_COLOR_NAME = AccentColor;
				ASSETCATALOG_COMPILER_WIDGET_BACKGROUND_COLOR_NAME = WidgetBackground;
				CODE_SIGN_ENTITLEMENTS = TodoWidgetExtension.entitlements;
				CODE_SIGN_IDENTITY = "Apple Development";
				CODE_SIGN_STYLE = Automatic;
				CURRENT_PROJECT_VERSION = 3;
				DEVELOPMENT_TEAM = CH36BYYATY;
				GENERATE_INFOPLIST_FILE = YES;
				INFOPLIST_FILE = TodoWidget/Info.plist;
				INFOPLIST_KEY_CFBundleDisplayName = TodoWidget;
				INFOPLIST_KEY_NSHumanReadableCopyright = "";
				IPHONEOS_DEPLOYMENT_TARGET = 16.1;
				LD_RUNPATH_SEARCH_PATHS = (
					"$(inherited)",
					"@executable_path/Frameworks",
					"@executable_path/../../Frameworks",
				);
				MARKETING_VERSION = 1.0.1;
				PRODUCT_BUNDLE_IDENTIFIER = com.ryuyeon.SimpleTodo.TodoWidget;
				PRODUCT_NAME = "$(TARGET_NAME)";
				PROVISIONING_PROFILE_SPECIFIER = "";
				SKIP_INSTALL = YES;
				SWIFT_EMIT_LOC_STRINGS = YES;
				SWIFT_VERSION = 5.0;
				TARGETED_DEVICE_FAMILY = "1,2";
			};
			name = Debug;
		};
		88C93C12296BD00700366D87 /* Release */ = {
			isa = XCBuildConfiguration;
			buildSettings = {
				ASSETCATALOG_COMPILER_GLOBAL_ACCENT_COLOR_NAME = AccentColor;
				ASSETCATALOG_COMPILER_WIDGET_BACKGROUND_COLOR_NAME = WidgetBackground;
				CODE_SIGN_ENTITLEMENTS = TodoWidgetExtension.entitlements;
				CODE_SIGN_IDENTITY = "Apple Development";
				CODE_SIGN_STYLE = Automatic;
				CURRENT_PROJECT_VERSION = 3;
				DEVELOPMENT_TEAM = CH36BYYATY;
				GENERATE_INFOPLIST_FILE = YES;
				INFOPLIST_FILE = TodoWidget/Info.plist;
				INFOPLIST_KEY_CFBundleDisplayName = TodoWidget;
				INFOPLIST_KEY_NSHumanReadableCopyright = "";
				IPHONEOS_DEPLOYMENT_TARGET = 16.1;
				LD_RUNPATH_SEARCH_PATHS = (
					"$(inherited)",
					"@executable_path/Frameworks",
					"@executable_path/../../Frameworks",
				);
				MARKETING_VERSION = 1.0.1;
				PRODUCT_BUNDLE_IDENTIFIER = com.ryuyeon.SimpleTodo.TodoWidget;
				PRODUCT_NAME = "$(TARGET_NAME)";
				PROVISIONING_PROFILE_SPECIFIER = "";
				SKIP_INSTALL = YES;
				SWIFT_EMIT_LOC_STRINGS = YES;
				SWIFT_VERSION = 5.0;
				TARGETED_DEVICE_FAMILY = "1,2";
			};
			name = Release;
		};
		88CE22BD295EFB700078A6CB /* Debug */ = {
			isa = XCBuildConfiguration;
			buildSettings = {
				ALWAYS_SEARCH_USER_PATHS = NO;
				CLANG_ANALYZER_NONNULL = YES;
				CLANG_ANALYZER_NUMBER_OBJECT_CONVERSION = YES_AGGRESSIVE;
				CLANG_CXX_LANGUAGE_STANDARD = "gnu++20";
				CLANG_ENABLE_MODULES = YES;
				CLANG_ENABLE_OBJC_ARC = YES;
				CLANG_ENABLE_OBJC_WEAK = YES;
				CLANG_WARN_BLOCK_CAPTURE_AUTORELEASING = YES;
				CLANG_WARN_BOOL_CONVERSION = YES;
				CLANG_WARN_COMMA = YES;
				CLANG_WARN_CONSTANT_CONVERSION = YES;
				CLANG_WARN_DEPRECATED_OBJC_IMPLEMENTATIONS = YES;
				CLANG_WARN_DIRECT_OBJC_ISA_USAGE = YES_ERROR;
				CLANG_WARN_DOCUMENTATION_COMMENTS = YES;
				CLANG_WARN_EMPTY_BODY = YES;
				CLANG_WARN_ENUM_CONVERSION = YES;
				CLANG_WARN_INFINITE_RECURSION = YES;
				CLANG_WARN_INT_CONVERSION = YES;
				CLANG_WARN_NON_LITERAL_NULL_CONVERSION = YES;
				CLANG_WARN_OBJC_IMPLICIT_RETAIN_SELF = YES;
				CLANG_WARN_OBJC_LITERAL_CONVERSION = YES;
				CLANG_WARN_OBJC_ROOT_CLASS = YES_ERROR;
				CLANG_WARN_QUOTED_INCLUDE_IN_FRAMEWORK_HEADER = YES;
				CLANG_WARN_RANGE_LOOP_ANALYSIS = YES;
				CLANG_WARN_STRICT_PROTOTYPES = YES;
				CLANG_WARN_SUSPICIOUS_MOVE = YES;
				CLANG_WARN_UNGUARDED_AVAILABILITY = YES_AGGRESSIVE;
				CLANG_WARN_UNREACHABLE_CODE = YES;
				CLANG_WARN__DUPLICATE_METHOD_MATCH = YES;
				COPY_PHASE_STRIP = NO;
				DEBUG_INFORMATION_FORMAT = dwarf;
				ENABLE_STRICT_OBJC_MSGSEND = YES;
				ENABLE_TESTABILITY = YES;
				GCC_C_LANGUAGE_STANDARD = gnu11;
				GCC_DYNAMIC_NO_PIC = NO;
				GCC_NO_COMMON_BLOCKS = YES;
				GCC_OPTIMIZATION_LEVEL = 0;
				GCC_PREPROCESSOR_DEFINITIONS = (
					"DEBUG=1",
					"$(inherited)",
				);
				GCC_WARN_64_TO_32_BIT_CONVERSION = YES;
				GCC_WARN_ABOUT_RETURN_TYPE = YES_ERROR;
				GCC_WARN_UNDECLARED_SELECTOR = YES;
				GCC_WARN_UNINITIALIZED_AUTOS = YES_AGGRESSIVE;
				GCC_WARN_UNUSED_FUNCTION = YES;
				GCC_WARN_UNUSED_VARIABLE = YES;
				IPHONEOS_DEPLOYMENT_TARGET = 16.0;
				MTL_ENABLE_DEBUG_INFO = INCLUDE_SOURCE;
				MTL_FAST_MATH = YES;
				ONLY_ACTIVE_ARCH = YES;
				SDKROOT = iphoneos;
				SWIFT_ACTIVE_COMPILATION_CONDITIONS = DEBUG;
				SWIFT_OPTIMIZATION_LEVEL = "-Onone";
			};
			name = Debug;
		};
		88CE22BE295EFB700078A6CB /* Release */ = {
			isa = XCBuildConfiguration;
			buildSettings = {
				ALWAYS_SEARCH_USER_PATHS = NO;
				CLANG_ANALYZER_NONNULL = YES;
				CLANG_ANALYZER_NUMBER_OBJECT_CONVERSION = YES_AGGRESSIVE;
				CLANG_CXX_LANGUAGE_STANDARD = "gnu++20";
				CLANG_ENABLE_MODULES = YES;
				CLANG_ENABLE_OBJC_ARC = YES;
				CLANG_ENABLE_OBJC_WEAK = YES;
				CLANG_WARN_BLOCK_CAPTURE_AUTORELEASING = YES;
				CLANG_WARN_BOOL_CONVERSION = YES;
				CLANG_WARN_COMMA = YES;
				CLANG_WARN_CONSTANT_CONVERSION = YES;
				CLANG_WARN_DEPRECATED_OBJC_IMPLEMENTATIONS = YES;
				CLANG_WARN_DIRECT_OBJC_ISA_USAGE = YES_ERROR;
				CLANG_WARN_DOCUMENTATION_COMMENTS = YES;
				CLANG_WARN_EMPTY_BODY = YES;
				CLANG_WARN_ENUM_CONVERSION = YES;
				CLANG_WARN_INFINITE_RECURSION = YES;
				CLANG_WARN_INT_CONVERSION = YES;
				CLANG_WARN_NON_LITERAL_NULL_CONVERSION = YES;
				CLANG_WARN_OBJC_IMPLICIT_RETAIN_SELF = YES;
				CLANG_WARN_OBJC_LITERAL_CONVERSION = YES;
				CLANG_WARN_OBJC_ROOT_CLASS = YES_ERROR;
				CLANG_WARN_QUOTED_INCLUDE_IN_FRAMEWORK_HEADER = YES;
				CLANG_WARN_RANGE_LOOP_ANALYSIS = YES;
				CLANG_WARN_STRICT_PROTOTYPES = YES;
				CLANG_WARN_SUSPICIOUS_MOVE = YES;
				CLANG_WARN_UNGUARDED_AVAILABILITY = YES_AGGRESSIVE;
				CLANG_WARN_UNREACHABLE_CODE = YES;
				CLANG_WARN__DUPLICATE_METHOD_MATCH = YES;
				COPY_PHASE_STRIP = NO;
				DEBUG_INFORMATION_FORMAT = "dwarf-with-dsym";
				ENABLE_NS_ASSERTIONS = NO;
				ENABLE_STRICT_OBJC_MSGSEND = YES;
				GCC_C_LANGUAGE_STANDARD = gnu11;
				GCC_NO_COMMON_BLOCKS = YES;
				GCC_WARN_64_TO_32_BIT_CONVERSION = YES;
				GCC_WARN_ABOUT_RETURN_TYPE = YES_ERROR;
				GCC_WARN_UNDECLARED_SELECTOR = YES;
				GCC_WARN_UNINITIALIZED_AUTOS = YES_AGGRESSIVE;
				GCC_WARN_UNUSED_FUNCTION = YES;
				GCC_WARN_UNUSED_VARIABLE = YES;
				IPHONEOS_DEPLOYMENT_TARGET = 16.0;
				MTL_ENABLE_DEBUG_INFO = NO;
				MTL_FAST_MATH = YES;
				SDKROOT = iphoneos;
				SWIFT_COMPILATION_MODE = wholemodule;
				SWIFT_OPTIMIZATION_LEVEL = "-O";
				VALIDATE_PRODUCT = YES;
			};
			name = Release;
		};
		88CE22C0295EFB700078A6CB /* Debug */ = {
			isa = XCBuildConfiguration;
			buildSettings = {
				ALWAYS_EMBED_SWIFT_STANDARD_LIBRARIES = YES;
				ASSETCATALOG_COMPILER_APPICON_NAME = AppIcon;
				ASSETCATALOG_COMPILER_GLOBAL_ACCENT_COLOR_NAME = AccentColor;
				CODE_SIGN_ENTITLEMENTS = DayInfo/DayInfo.entitlements;
				CODE_SIGN_IDENTITY = "Apple Development";
				CODE_SIGN_STYLE = Automatic;
				CURRENT_PROJECT_VERSION = 3;
				DEVELOPMENT_ASSET_PATHS = "\"DayInfo/Preview Content\"";
				DEVELOPMENT_TEAM = CH36BYYATY;
				ENABLE_PREVIEWS = YES;
				GENERATE_INFOPLIST_FILE = YES;
				INFOPLIST_FILE = DayInfo/Info.plist;
				INFOPLIST_KEY_CFBundleDisplayName = "심플한 투두";
				INFOPLIST_KEY_NSLocationAlwaysAndWhenInUseUsageDescription = "날씨정보 조회를 위해 현재위치정보가 필요합니다.";
				INFOPLIST_KEY_NSLocationWhenInUseUsageDescription = "날씨정보 조회를 위해 현재위치정보가 필요합니다.";
				INFOPLIST_KEY_UIApplicationSceneManifest_Generation = YES;
				INFOPLIST_KEY_UIApplicationSupportsIndirectInputEvents = YES;
				INFOPLIST_KEY_UILaunchScreen_Generation = YES;
				INFOPLIST_KEY_UISupportedInterfaceOrientations = UIInterfaceOrientationPortrait;
				INFOPLIST_KEY_UISupportedInterfaceOrientations_iPad = "UIInterfaceOrientationLandscapeLeft UIInterfaceOrientationLandscapeRight UIInterfaceOrientationPortraitUpsideDown";
				INFOPLIST_KEY_UIUserInterfaceStyle = Light;
				IPHONEOS_DEPLOYMENT_TARGET = 16.0;
				LD_RUNPATH_SEARCH_PATHS = (
					"$(inherited)",
					"@executable_path/Frameworks",
				);
				MARKETING_VERSION = 1.0.1;
				PRODUCT_BUNDLE_IDENTIFIER = com.ryuyeon.SimpleTodo;
				PRODUCT_NAME = "$(TARGET_NAME)";
				PROVISIONING_PROFILE_SPECIFIER = "";
				SUPPORTED_PLATFORMS = "iphoneos iphonesimulator";
				SUPPORTS_MACCATALYST = NO;
				SUPPORTS_MAC_DESIGNED_FOR_IPHONE_IPAD = YES;
				SWIFT_EMIT_LOC_STRINGS = YES;
				SWIFT_VERSION = 5.0;
				TARGETED_DEVICE_FAMILY = 1;
			};
			name = Debug;
		};
		88CE22C1295EFB700078A6CB /* Release */ = {
			isa = XCBuildConfiguration;
			buildSettings = {
				ALWAYS_EMBED_SWIFT_STANDARD_LIBRARIES = YES;
				ASSETCATALOG_COMPILER_APPICON_NAME = AppIcon;
				ASSETCATALOG_COMPILER_GLOBAL_ACCENT_COLOR_NAME = AccentColor;
				CODE_SIGN_ENTITLEMENTS = DayInfo/DayInfo.entitlements;
				CODE_SIGN_IDENTITY = "Apple Development";
				CODE_SIGN_STYLE = Automatic;
				CURRENT_PROJECT_VERSION = 3;
				DEVELOPMENT_ASSET_PATHS = "\"DayInfo/Preview Content\"";
				DEVELOPMENT_TEAM = CH36BYYATY;
				ENABLE_PREVIEWS = YES;
				GENERATE_INFOPLIST_FILE = YES;
				INFOPLIST_FILE = DayInfo/Info.plist;
				INFOPLIST_KEY_CFBundleDisplayName = "심플한 투두";
				INFOPLIST_KEY_NSLocationAlwaysAndWhenInUseUsageDescription = "날씨정보 조회를 위해 현재위치정보가 필요합니다.";
				INFOPLIST_KEY_NSLocationWhenInUseUsageDescription = "날씨정보 조회를 위해 현재위치정보가 필요합니다.";
				INFOPLIST_KEY_UIApplicationSceneManifest_Generation = YES;
				INFOPLIST_KEY_UIApplicationSupportsIndirectInputEvents = YES;
				INFOPLIST_KEY_UILaunchScreen_Generation = YES;
				INFOPLIST_KEY_UISupportedInterfaceOrientations = UIInterfaceOrientationPortrait;
				INFOPLIST_KEY_UISupportedInterfaceOrientations_iPad = "UIInterfaceOrientationLandscapeLeft UIInterfaceOrientationLandscapeRight UIInterfaceOrientationPortraitUpsideDown";
				INFOPLIST_KEY_UIUserInterfaceStyle = Light;
				IPHONEOS_DEPLOYMENT_TARGET = 16.0;
				LD_RUNPATH_SEARCH_PATHS = (
					"$(inherited)",
					"@executable_path/Frameworks",
				);
				MARKETING_VERSION = 1.0.1;
				PRODUCT_BUNDLE_IDENTIFIER = com.ryuyeon.SimpleTodo;
				PRODUCT_NAME = "$(TARGET_NAME)";
				PROVISIONING_PROFILE_SPECIFIER = "";
				SUPPORTED_PLATFORMS = "iphoneos iphonesimulator";
				SUPPORTS_MACCATALYST = NO;
				SUPPORTS_MAC_DESIGNED_FOR_IPHONE_IPAD = YES;
				SWIFT_EMIT_LOC_STRINGS = YES;
				SWIFT_VERSION = 5.0;
				TARGETED_DEVICE_FAMILY = 1;
			};
			name = Release;
		};
/* End XCBuildConfiguration section */

/* Begin XCConfigurationList section */
		88C93C10296BD00700366D87 /* Build configuration list for PBXNativeTarget "TodoWidgetExtension" */ = {
			isa = XCConfigurationList;
			buildConfigurations = (
				88C93C11296BD00700366D87 /* Debug */,
				88C93C12296BD00700366D87 /* Release */,
			);
			defaultConfigurationIsVisible = 0;
			defaultConfigurationName = Release;
		};
		88CE22AC295EFB6F0078A6CB /* Build configuration list for PBXProject "DayInfo" */ = {
			isa = XCConfigurationList;
			buildConfigurations = (
				88CE22BD295EFB700078A6CB /* Debug */,
				88CE22BE295EFB700078A6CB /* Release */,
			);
			defaultConfigurationIsVisible = 0;
			defaultConfigurationName = Release;
		};
		88CE22BF295EFB700078A6CB /* Build configuration list for PBXNativeTarget "DayInfo" */ = {
			isa = XCConfigurationList;
			buildConfigurations = (
				88CE22C0295EFB700078A6CB /* Debug */,
				88CE22C1295EFB700078A6CB /* Release */,
			);
			defaultConfigurationIsVisible = 0;
			defaultConfigurationName = Release;
		};
/* End XCConfigurationList section */

/* Begin XCRemoteSwiftPackageReference section */
		8854936B2965EC2A00B14B73 /* XCRemoteSwiftPackageReference "Moya" */ = {
			isa = XCRemoteSwiftPackageReference;
			repositoryURL = "https://github.com/Moya/Moya.git";
			requirement = {
				kind = exactVersion;
				version = 15.0.3;
			};
		};
		88CE22D8295F65DE0078A6CB /* XCRemoteSwiftPackageReference "Alamofire" */ = {
			isa = XCRemoteSwiftPackageReference;
			repositoryURL = "https://github.com/Alamofire/Alamofire.git";
			requirement = {
				kind = upToNextMajorVersion;
				minimumVersion = 5.0.0;
			};
		};
		88F01945296A05B1006A5826 /* XCRemoteSwiftPackageReference "PopupView" */ = {
			isa = XCRemoteSwiftPackageReference;
			repositoryURL = "https://github.com/exyte/PopupView.git";
			requirement = {
				kind = upToNextMajorVersion;
				minimumVersion = 1.0.0;
			};
		};
/* End XCRemoteSwiftPackageReference section */

/* Begin XCSwiftPackageProductDependency section */
		8854936C2965EC2B00B14B73 /* Moya */ = {
			isa = XCSwiftPackageProductDependency;
			package = 8854936B2965EC2A00B14B73 /* XCRemoteSwiftPackageReference "Moya" */;
			productName = Moya;
		};
		88CE22D9295F65DF0078A6CB /* Alamofire */ = {
			isa = XCSwiftPackageProductDependency;
			package = 88CE22D8295F65DE0078A6CB /* XCRemoteSwiftPackageReference "Alamofire" */;
			productName = Alamofire;
		};
		88F01946296A05B1006A5826 /* PopupView */ = {
			isa = XCSwiftPackageProductDependency;
			package = 88F01945296A05B1006A5826 /* XCRemoteSwiftPackageReference "PopupView" */;
			productName = PopupView;
		};
/* End XCSwiftPackageProductDependency section */

/* Begin XCVersionGroup section */
		88748AF2296775A2008F7CD5 /* Item.xcdatamodeld */ = {
			isa = XCVersionGroup;
			children = (
				88748AF3296775A2008F7CD5 /* Todo.xcdatamodel */,
			);
			currentVersion = 88748AF3296775A2008F7CD5 /* Todo.xcdatamodel */;
			path = Item.xcdatamodeld;
			sourceTree = "<group>";
			versionGroupType = wrapper.xcdatamodel;
		};
/* End XCVersionGroup section */
	};
	rootObject = 88CE22A9295EFB6F0078A6CB /* Project object */;
}
